{
  "name": "pi-local-extensions",
  "lockfileVersion": 3,
  "requires": true,
  "packages": {
    "": {
      "name": "pi-local-extensions",
      "dependencies": {
        "ignore": "7.0.10"
      }
    },
    "node_modules/ignore": {
      "version": "7.0.10",
      "resolved": "https://registry.npmjs.org/ignore/-/ignore-7.0.10.tgz",
      "integrity": "sha512-HpbUakT7xp5miBUywCHf36ZEuAJNklBJDDsGpUIjMzOSmM8ELSfA9Sa/QDPeNeqeoN31u+UTCkL4klCOVvRm4Q==",
      "license": "MIT",
      "engines": {
        "node": ">= 4"
      }
    }
  }
}
